
Microsoft Visual Studio Solution File, Format Version 12.00
# Visual Studio 15
VisualStudioVersion = 15.0.26730.16
MinimumVisualStudioVersion = 10.0.40219.1
Project("{FAE04EC0-301F-11D3-BF4B-00C04F79EFBC}") = "Parcial1-Ap2-EstebanMena", "Parcial1-Ap2-EstebanMena\Parcial1-Ap2-EstebanMena.csproj", "{C481EF99-4690-4970-B0E6-754BFD3B2B3F}"
EndProject
Global
	GlobalSection(SolutionConfigurationPlatforms) = preSolution
		Debug|Any CPU = Debug|Any CPU
		Release|Any CPU = Release|Any CPU
	EndGlobalSection
	GlobalSection(ProjectConfigurationPlatforms) = postSolution
		{C481EF99-4690-4970-B0E6-754BFD3B2B3F}.Debug|Any CPU.ActiveCfg = Debug|Any CPU
		{C481EF99-4690-4970-B0E6-754BFD3B2B3F}.Debug|Any CPU.Build.0 = Debug|Any CPU
		{C481EF99-4690-4970-B0E6-754BFD3B2B3F}.Release|Any CPU.ActiveCfg = Release|Any CPU
		{C481EF99-4690-4970-B0E6-754BFD3B2B3F}.Release|Any CPU.Build.0 = Release|Any CPU
	EndGlobalSection
	GlobalSection(SolutionProperties) = preSolution
		HideSolutionNode = FALSE
	EndGlobalSection
	GlobalSection(ExtensibilityGlobals) = postSolution
		SolutionGuid = {0BF273E8-DED7-4E55-B882-DC2D0A919466}
	EndGlobalSection
EndGlobal
